
Microsoft Visual Studio Solution File, Format Version 12.00
# Visual Studio Version 17
VisualStudioVersion = 17.10.35004.147
MinimumVisualStudioVersion = 10.0.40219.1
Project("{FAE04EC0-301F-11D3-BF4B-00C04F79EFBC}") = "Task_8_Atr", "Task_8_Atr.csproj", "{6DD846DB-BFA5-47DE-8C5B-BFBD76B6B72A}"
EndProject
Global
	GlobalSection(SolutionConfigurationPlatforms) = preSolution
		Debug|Any CPU = Debug|Any CPU
		Release|Any CPU = Release|Any CPU
	EndGlobalSection
	GlobalSection(ProjectConfigurationPlatforms) = postSolution
		{6DD846DB-BFA5-47DE-8C5B-BFBD76B6B72A}.Debug|Any CPU.ActiveCfg = Debug|Any CPU
		{6DD846DB-BFA5-47DE-8C5B-BFBD76B6B72A}.Debug|Any CPU.Build.0 = Debug|Any CPU
		{6DD846DB-BFA5-47DE-8C5B-BFBD76B6B72A}.Release|Any CPU.ActiveCfg = Release|Any CPU
		{6DD846DB-BFA5-47DE-8C5B-BFBD76B6B72A}.Release|Any CPU.Build.0 = Release|Any CPU
	EndGlobalSection
	GlobalSection(SolutionProperties) = preSolution
		HideSolutionNode = FALSE
	EndGlobalSection
	GlobalSection(ExtensibilityGlobals) = postSolution
		SolutionGuid = {84D6F0A1-8CD9-4F9A-9610-62FB8D07D4F4}
	EndGlobalSection
EndGlobal
